
Microsoft Visual Studio Solution File, Format Version 12.00
# Visual Studio Version 16
VisualStudioVersion = 16.0.30523.141
MinimumVisualStudioVersion = 10.0.40219.1
Project("{FAE04EC0-301F-11D3-BF4B-00C04F79EFBC}") = "API_Case", "API_Case.csproj", "{BD4075A4-E8D1-4BF0-B3E3-6240F5651506}"
EndProject
Global
	GlobalSection(SolutionConfigurationPlatforms) = preSolution
		Debug|Any CPU = Debug|Any CPU
		Release|Any CPU = Release|Any CPU
	EndGlobalSection
	GlobalSection(ProjectConfigurationPlatforms) = postSolution
		{BD4075A4-E8D1-4BF0-B3E3-6240F5651506}.Debug|Any CPU.ActiveCfg = Debug|Any CPU
		{BD4075A4-E8D1-4BF0-B3E3-6240F5651506}.Debug|Any CPU.Build.0 = Debug|Any CPU
		{BD4075A4-E8D1-4BF0-B3E3-6240F5651506}.Release|Any CPU.ActiveCfg = Release|Any CPU
		{BD4075A4-E8D1-4BF0-B3E3-6240F5651506}.Release|Any CPU.Build.0 = Release|Any CPU
	EndGlobalSection
	GlobalSection(SolutionProperties) = preSolution
		HideSolutionNode = FALSE
	EndGlobalSection
	GlobalSection(ExtensibilityGlobals) = postSolution
		SolutionGuid = {D15DF8EB-E129-40DA-A142-2CE3124C0B15}
	EndGlobalSection
EndGlobal
